
Microsoft Visual Studio Solution File, Format Version 12.00
# Visual Studio Version 17
VisualStudioVersion = 17.2.32630.192
MinimumVisualStudioVersion = 10.0.40219.1
Project("{FAE04EC0-301F-11D3-BF4B-00C04F79EFBC}") = "Kamla_Raul_Lab1", "Kamla_Raul_Lab1.csproj", "{3D73FDFD-DDCB-4065-9148-F6F771A52C52}"
EndProject
Global
	GlobalSection(SolutionConfigurationPlatforms) = preSolution
		Debug|Any CPU = Debug|Any CPU
		Release|Any CPU = Release|Any CPU
	EndGlobalSection
	GlobalSection(ProjectConfigurationPlatforms) = postSolution
		{3D73FDFD-DDCB-4065-9148-F6F771A52C52}.Debug|Any CPU.ActiveCfg = Debug|Any CPU
		{3D73FDFD-DDCB-4065-9148-F6F771A52C52}.Debug|Any CPU.Build.0 = Debug|Any CPU
		{3D73FDFD-DDCB-4065-9148-F6F771A52C52}.Release|Any CPU.ActiveCfg = Release|Any CPU
		{3D73FDFD-DDCB-4065-9148-F6F771A52C52}.Release|Any CPU.Build.0 = Release|Any CPU
	EndGlobalSection
	GlobalSection(SolutionProperties) = preSolution
		HideSolutionNode = FALSE
	EndGlobalSection
	GlobalSection(ExtensibilityGlobals) = postSolution
		SolutionGuid = {7B230D4C-982A-4885-88F8-5DF9D5A83315}
	EndGlobalSection
EndGlobal
